
Microsoft Visual Studio Solution File, Format Version 11.00
# Visual Studio 2010
# SharpDevelop 5.1
Project("{FAE04EC0-301F-11D3-BF4B-00C04F79EFBC}") = "DocDiy", "DocDiy\DocDiy.csproj", "{9EDE52E3-4F09-47EC-83B6-B91CEFDFDF84}"
EndProject
Global
	GlobalSection(SolutionConfigurationPlatforms) = preSolution
		Debug|Any CPU = Debug|Any CPU
		Release|Any CPU = Release|Any CPU
	EndGlobalSection
	GlobalSection(ProjectConfigurationPlatforms) = postSolution
		{9EDE52E3-4F09-47EC-83B6-B91CEFDFDF84}.Debug|Any CPU.ActiveCfg = Debug|Any CPU
		{9EDE52E3-4F09-47EC-83B6-B91CEFDFDF84}.Debug|Any CPU.Build.0 = Debug|Any CPU
		{9EDE52E3-4F09-47EC-83B6-B91CEFDFDF84}.Release|Any CPU.ActiveCfg = Release|Any CPU
		{9EDE52E3-4F09-47EC-83B6-B91CEFDFDF84}.Release|Any CPU.Build.0 = Release|Any CPU
	EndGlobalSection
EndGlobal
